// !$*UTF8*$!
{
	archiveVersion = 1;
	classes = {
	};
	objectVersion = 50;
	objects = {

/* Begin PBXBuildFile section */
		23637B2924F4177E008ABF54 /* AppDelegate.swift in Sources */ = {isa = PBXBuildFile; fileRef = 23637B2824F4177E008ABF54 /* AppDelegate.swift */; };
		23637B2B24F4177E008ABF54 /* SceneDelegate.swift in Sources */ = {isa = PBXBuildFile; fileRef = 23637B2A24F4177E008ABF54 /* SceneDelegate.swift */; };
		23637B2D24F4177E008ABF54 /* ViewController.swift in Sources */ = {isa = PBXBuildFile; fileRef = 23637B2C24F4177E008ABF54 /* ViewController.swift */; };
		23637B3224F4177F008ABF54 /* Assets.xcassets in Resources */ = {isa = PBXBuildFile; fileRef = 23637B3124F4177F008ABF54 /* Assets.xcassets */; };
		23637B3524F4177F008ABF54 /* LaunchScreen.storyboard in Resources */ = {isa = PBXBuildFile; fileRef = 23637B3324F4177F008ABF54 /* LaunchScreen.storyboard */; };
		23637B3D24F4179D008ABF54 /* ConfigureCellProtocol.swift in Sources */ = {isa = PBXBuildFile; fileRef = 23637B3C24F4179D008ABF54 /* ConfigureCellProtocol.swift */; };
		23637B3F24F41D1F008ABF54 /* App.swift in Sources */ = {isa = PBXBuildFile; fileRef = 23637B3E24F41D1F008ABF54 /* App.swift */; };
		23637B4124F41D3F008ABF54 /* Section.swift in Sources */ = {isa = PBXBuildFile; fileRef = 23637B4024F41D3F008ABF54 /* Section.swift */; };
		23637B4824F41D9B008ABF54 /* FeaturedCell.swift in Sources */ = {isa = PBXBuildFile; fileRef = 23637B4724F41D9B008ABF54 /* FeaturedCell.swift */; };
		23C01C8F24F4CEDA003A8DCA /* HeaderCell.swift in Sources */ = {isa = PBXBuildFile; fileRef = 23C01C8E24F4CEDA003A8DCA /* HeaderCell.swift */; };
		23C01C9124F4D1FC003A8DCA /* SmallTableCell.swift in Sources */ = {isa = PBXBuildFile; fileRef = 23C01C9024F4D1FC003A8DCA /* SmallTableCell.swift */; };
		23C8FC3224F4AF4D0025D8BC /* appstore.json in Resources */ = {isa = PBXBuildFile; fileRef = 23C8FC3124F4AF4D0025D8BC /* appstore.json */; };
		23C8FC3424F4AF650025D8BC /* Bundle-Decodable.swift in Sources */ = {isa = PBXBuildFile; fileRef = 23C8FC3324F4AF650025D8BC /* Bundle-Decodable.swift */; };
		23C8FC3624F4C0490025D8BC /* MediumTableCell.swift in Sources */ = {isa = PBXBuildFile; fileRef = 23C8FC3524F4C0490025D8BC /* MediumTableCell.swift */; };
/* End PBXBuildFile section */

/* Begin PBXFileReference section */
		23637B2524F4177E008ABF54 /* AppStoreClone.app */ = {isa = PBXFileReference; explicitFileType = wrapper.application; includeInIndex = 0; path = AppStoreClone.app; sourceTree = BUILT_PRODUCTS_DIR; };
		23637B2824F4177E008ABF54 /* AppDelegate.swift */ = {isa = PBXFileReference; lastKnownFileType = sourcecode.swift; path = AppDelegate.swift; sourceTree = "<group>"; };
		23637B2A24F4177E008ABF54 /* SceneDelegate.swift */ = {isa = PBXFileReference; lastKnownFileType = sourcecode.swift; path = SceneDelegate.swift; sourceTree = "<group>"; };
		23637B2C24F4177E008ABF54 /* ViewController.swift */ = {isa = PBXFileReference; lastKnownFileType = sourcecode.swift; path = ViewController.swift; sourceTree = "<group>"; };
		23637B3124F4177F008ABF54 /* Assets.xcassets */ = {isa = PBXFileReference; lastKnownFileType = folder.assetcatalog; path = Assets.xcassets; sourceTree = "<group>"; };
		23637B3424F4177F008ABF54 /* Base */ = {isa = PBXFileReference; lastKnownFileType = file.storyboard; name = Base; path = Base.lproj/LaunchScreen.storyboard; sourceTree = "<group>"; };
		23637B3624F4177F008ABF54 /* Info.plist */ = {isa = PBXFileReference; lastKnownFileType = text.plist.xml; path = Info.plist; sourceTree = "<group>"; };
		23637B3C24F4179D008ABF54 /* ConfigureCellProtocol.swift */ = {isa = PBXFileReference; lastKnownFileType = sourcecode.swift; path = ConfigureCellProtocol.swift; sourceTree = "<group>"; };
		23637B3E24F41D1F008ABF54 /* App.swift */ = {isa = PBXFileReference; lastKnownFileType = sourcecode.swift; path = App.swift; sourceTree = "<group>"; };
		23637B4024F41D3F008ABF54 /* Section.swift */ = {isa = PBXFileReference; lastKnownFileType = sourcecode.swift; path = Section.swift; sourceTree = "<group>"; };
		23637B4724F41D9B008ABF54 /* FeaturedCell.swift */ = {isa = PBXFileReference; lastKnownFileType = sourcecode.swift; path = FeaturedCell.swift; sourceTree = "<group>"; };
		23C01C8E24F4CEDA003A8DCA /* HeaderCell.swift */ = {isa = PBXFileReference; lastKnownFileType = sourcecode.swift; path = HeaderCell.swift; sourceTree = "<group>"; };
		23C01C9024F4D1FC003A8DCA /* SmallTableCell.swift */ = {isa = PBXFileReference; lastKnownFileType = sourcecode.swift; path = SmallTableCell.swift; sourceTree = "<group>"; };
		23C8FC3124F4AF4D0025D8BC /* appstore.json */ = {isa = PBXFileReference; fileEncoding = 4; lastKnownFileType = text.json; path = appstore.json; sourceTree = "<group>"; };
		23C8FC3324F4AF650025D8BC /* Bundle-Decodable.swift */ = {isa = PBXFileReference; lastKnownFileType = sourcecode.swift; path = "Bundle-Decodable.swift"; sourceTree = "<group>"; };
		23C8FC3524F4C0490025D8BC /* MediumTableCell.swift */ = {isa = PBXFileReference; lastKnownFileType = sourcecode.swift; path = MediumTableCell.swift; sourceTree = "<group>"; };
/* End PBXFileReference section */

/* Begin PBXFrameworksBuildPhase section */
		23637B2224F4177E008ABF54 /* Frameworks */ = {
			isa = PBXFrameworksBuildPhase;
			buildActionMask = 2147483647;
			files = (
			);
			runOnlyForDeploymentPostprocessing = 0;
		};
/* End PBXFrameworksBuildPhase section */

/* Begin PBXGroup section */
		23637B1C24F4177E008ABF54 = {
			isa = PBXGroup;
			children = (
				23637B2724F4177E008ABF54 /* AppStoreClone */,
				23637B2624F4177E008ABF54 /* Products */,
			);
			sourceTree = "<group>";
		};
		23637B2624F4177E008ABF54 /* Products */ = {
			isa = PBXGroup;
			children = (
				23637B2524F4177E008ABF54 /* AppStoreClone.app */,
			);
			name = Products;
			sourceTree = "<group>";
		};
		23637B2724F4177E008ABF54 /* AppStoreClone */ = {
			isa = PBXGroup;
			children = (
				23637B4624F41D68008ABF54 /* Main */,
				23637B4424F41D54008ABF54 /* Model */,
				23637B4224F41D47008ABF54 /* Protocol */,
				23637B4524F41D5E008ABF54 /* ViewControllers */,
				23C8FC3724F4C04D0025D8BC /* CustomCells */,
				23637B3124F4177F008ABF54 /* Assets.xcassets */,
				23C8FC3324F4AF650025D8BC /* Bundle-Decodable.swift */,
				23C8FC3124F4AF4D0025D8BC /* appstore.json */,
				23637B3324F4177F008ABF54 /* LaunchScreen.storyboard */,
				23637B3624F4177F008ABF54 /* Info.plist */,
			);
			path = AppStoreClone;
			sourceTree = "<group>";
		};
		23637B4224F41D47008ABF54 /* Protocol */ = {
			isa = PBXGroup;
			children = (
				23637B3C24F4179D008ABF54 /* ConfigureCellProtocol.swift */,
			);
			path = Protocol;
			sourceTree = "<group>";
		};
		23637B4424F41D54008ABF54 /* Model */ = {
			isa = PBXGroup;
			children = (
				23637B4024F41D3F008ABF54 /* Section.swift */,
				23637B3E24F41D1F008ABF54 /* App.swift */,
			);
			path = Model;
			sourceTree = "<group>";
		};
		23637B4524F41D5E008ABF54 /* ViewControllers */ = {
			isa = PBXGroup;
			children = (
				23637B2C24F4177E008ABF54 /* ViewController.swift */,
			);
			path = ViewControllers;
			sourceTree = "<group>";
		};
		23637B4624F41D68008ABF54 /* Main */ = {
			isa = PBXGroup;
			children = (
				23637B2824F4177E008ABF54 /* AppDelegate.swift */,
				23637B2A24F4177E008ABF54 /* SceneDelegate.swift */,
			);
			path = Main;
			sourceTree = "<group>";
		};
		23C8FC3724F4C04D0025D8BC /* CustomCells */ = {
			isa = PBXGroup;
			children = (
				23637B4724F41D9B008ABF54 /* FeaturedCell.swift */,
				23C8FC3524F4C0490025D8BC /* MediumTableCell.swift */,
				23C01C9024F4D1FC003A8DCA /* SmallTableCell.swift */,
				23C01C8E24F4CEDA003A8DCA /* HeaderCell.swift */,
			);
			path = CustomCells;
			sourceTree = "<group>";
		};
/* End PBXGroup section */

/* Begin PBXNativeTarget section */
		23637B2424F4177E008ABF54 /* AppStoreClone */ = {
			isa = PBXNativeTarget;
			buildConfigurationList = 23637B3924F4177F008ABF54 /* Build configuration list for PBXNativeTarget "AppStoreClone" */;
			buildPhases = (
				23637B2124F4177E008ABF54 /* Sources */,
				23637B2224F4177E008ABF54 /* Frameworks */,
				23637B2324F4177E008ABF54 /* Resources */,
			);
			buildRules = (
			);
			dependencies = (
			);
			name = AppStoreClone;
			productName = AppStoreClone;
			productReference = 23637B2524F4177E008ABF54 /* AppStoreClone.app */;
			productType = "com.apple.product-type.application";
		};
/* End PBXNativeTarget section */

/* Begin PBXProject section */
		23637B1D24F4177E008ABF54 /* Project object */ = {
			isa = PBXProject;
			attributes = {
				LastSwiftUpdateCheck = 1160;
				LastUpgradeCheck = 1160;
				ORGANIZATIONNAME = Windy;
				TargetAttributes = {
					23637B2424F4177E008ABF54 = {
						CreatedOnToolsVersion = 11.6;
					};
				};
			};
			buildConfigurationList = 23637B2024F4177E008ABF54 /* Build configuration list for PBXProject "AppStoreClone" */;
			compatibilityVersion = "Xcode 9.3";
			developmentRegion = en;
			hasScannedForEncodings = 0;
			knownRegions = (
				en,
				Base,
			);
			mainGroup = 23637B1C24F4177E008ABF54;
			productRefGroup = 23637B2624F4177E008ABF54 /* Products */;
			projectDirPath = "";
			projectRoot = "";
			targets = (
				23637B2424F4177E008ABF54 /* AppStoreClone */,
			);
		};
/* End PBXProject section */

/* Begin PBXResourcesBuildPhase section */
		23637B2324F4177E008ABF54 /* Resources */ = {
			isa = PBXResourcesBuildPhase;
			buildActionMask = 2147483647;
			files = (
				23637B3524F4177F008ABF54 /* LaunchScreen.storyboard in Resources */,
				23C8FC3224F4AF4D0025D8BC /* appstore.json in Resources */,
				23637B3224F4177F008ABF54 /* Assets.xcassets in Resources */,
			);
			runOnlyForDeploymentPostprocessing = 0;
		};
/* End PBXResourcesBuildPhase section */

/* Begin PBXSourcesBuildPhase section */
		23637B2124F4177E008ABF54 /* Sources */ = {
			isa = PBXSourcesBuildPhase;
			buildActionMask = 2147483647;
			files = (
				23C8FC3624F4C0490025D8BC /* MediumTableCell.swift in Sources */,
				23637B2D24F4177E008ABF54 /* ViewController.swift in Sources */,
				23637B2924F4177E008ABF54 /* AppDelegate.swift in Sources */,
				23637B4824F41D9B008ABF54 /* FeaturedCell.swift in Sources */,
				23C8FC3424F4AF650025D8BC /* Bundle-Decodable.swift in Sources */,
				23637B2B24F4177E008ABF54 /* SceneDelegate.swift in Sources */,
				23C01C8F24F4CEDA003A8DCA /* HeaderCell.swift in Sources */,
				23C01C9124F4D1FC003A8DCA /* SmallTableCell.swift in Sources */,
				23637B4124F41D3F008ABF54 /* Section.swift in Sources */,
				23637B3F24F41D1F008ABF54 /* App.swift in Sources */,
				23637B3D24F4179D008ABF54 /* ConfigureCellProtocol.swift in Sources */,
			);
			runOnlyForDeploymentPostprocessing = 0;
		};
/* End PBXSourcesBuildPhase section */

/* Begin PBXVariantGroup section */
		23637B3324F4177F008ABF54 /* LaunchScreen.storyboard */ = {
			isa = PBXVariantGroup;
			children = (
				23637B3424F4177F008ABF54 /* Base */,
			);
			name = LaunchScreen.storyboard;
			sourceTree = "<group>";
		};
/* End PBXVariantGroup section */

/* Begin XCBuildConfiguration section */
		23637B3724F4177F008ABF54 /* Debug */ = {
			isa = XCBuildConfiguration;
			buildSettings = {
				ALWAYS_SEARCH_USER_PATHS = NO;
				CLANG_ANALYZER_NONNULL = YES;
				CLANG_ANALYZER_NUMBER_OBJECT_CONVERSION = YES_AGGRESSIVE;
				CLANG_CXX_LANGUAGE_STANDARD = "gnu++14";
				CLANG_CXX_LIBRARY = "libc++";
				CLANG_ENABLE_MODULES = YES;
				CLANG_ENABLE_OBJC_ARC = YES;
				CLANG_ENABLE_OBJC_WEAK = YES;
				CLANG_WARN_BLOCK_CAPTURE_AUTORELEASING = YES;
				CLANG_WARN_BOOL_CONVERSION = YES;
				CLANG_WARN_COMMA = YES;
				CLANG_WARN_CONSTANT_CONVERSION = YES;
				CLANG_WARN_DEPRECATED_OBJC_IMPLEMENTATIONS = YES;
				CLANG_WARN_DIRECT_OBJC_ISA_USAGE = YES_ERROR;
				CLANG_WARN_DOCUMENTATION_COMMENTS = YES;
				CLANG_WARN_EMPTY_BODY = YES;
				CLANG_WARN_ENUM_CONVERSION = YES;
				CLANG_WARN_INFINITE_RECURSION = YES;
				CLANG_WARN_INT_CONVERSION = YES;
				CLANG_WARN_NON_LITERAL_NULL_CONVERSION = YES;
				CLANG_WARN_OBJC_IMPLICIT_RETAIN_SELF = YES;
				CLANG_WARN_OBJC_LITERAL_CONVERSION = YES;
				CLANG_WARN_OBJC_ROOT_CLASS = YES_ERROR;
				CLANG_WARN_RANGE_LOOP_ANALYSIS = YES;
				CLANG_WARN_STRICT_PROTOTYPES = YES;
				CLANG_WARN_SUSPICIOUS_MOVE = YES;
				CLANG_WARN_UNGUARDED_AVAILABILITY = YES_AGGRESSIVE;
				CLANG_WARN_UNREACHABLE_CODE = YES;
				CLANG_WARN__DUPLICATE_METHOD_MATCH = YES;
				COPY_PHASE_STRIP = NO;
				DEBUG_INFORMATION_FORMAT = dwarf;
				ENABLE_STRICT_OBJC_MSGSEND = YES;
				ENABLE_TESTABILITY = YES;
				GCC_C_LANGUAGE_STANDARD = gnu11;
				GCC_DYNAMIC_NO_PIC = NO;
				GCC_NO_COMMON_BLOCKS = YES;
				GCC_OPTIMIZATION_LEVEL = 0;
				GCC_PREPROCESSOR_DEFINITIONS = (
					"DEBUG=1",
					"$(inherited)",
				);
				GCC_WARN_64_TO_32_BIT_CONVERSION = YES;
				GCC_WARN_ABOUT_RETURN_TYPE = YES_ERROR;
				GCC_WARN_UNDECLARED_SELECTOR = YES;
				GCC_WARN_UNINITIALIZED_AUTOS = YES_AGGRESSIVE;
				GCC_WARN_UNUSED_FUNCTION = YES;
				GCC_WARN_UNUSED_VARIABLE = YES;
				IPHONEOS_DEPLOYMENT_TARGET = 13.6;
				MTL_ENABLE_DEBUG_INFO = INCLUDE_SOURCE;
				MTL_FAST_MATH = YES;
				ONLY_ACTIVE_ARCH = YES;
				SDKROOT = iphoneos;
				SWIFT_ACTIVE_COMPILATION_CONDITIONS = DEBUG;
				SWIFT_OPTIMIZATION_LEVEL = "-Onone";
			};
			name = Debug;
		};
		23637B3824F4177F008ABF54 /* Release */ = {
			isa = XCBuildConfiguration;
			buildSettings = {
				ALWAYS_SEARCH_USER_PATHS = NO;
				CLANG_ANALYZER_NONNULL = YES;
				CLANG_ANALYZER_NUMBER_OBJECT_CONVERSION = YES_AGGRESSIVE;
				CLANG_CXX_LANGUAGE_STANDARD = "gnu++14";
				CLANG_CXX_LIBRARY = "libc++";
				CLANG_ENABLE_MODULES = YES;
				CLANG_ENABLE_OBJC_ARC = YES;
				CLANG_ENABLE_OBJC_WEAK = YES;
				CLANG_WARN_BLOCK_CAPTURE_AUTORELEASING = YES;
				CLANG_WARN_BOOL_CONVERSION = YES;
				CLANG_WARN_COMMA = YES;
				CLANG_WARN_CONSTANT_CONVERSION = YES;
				CLANG_WARN_DEPRECATED_OBJC_IMPLEMENTATIONS = YES;
				CLANG_WARN_DIRECT_OBJC_ISA_USAGE = YES_ERROR;
				CLANG_WARN_DOCUMENTATION_COMMENTS = YES;
				CLANG_WARN_EMPTY_BODY = YES;
				CLANG_WARN_ENUM_CONVERSION = YES;
				CLANG_WARN_INFINITE_RECURSION = YES;
				CLANG_WARN_INT_CONVERSION = YES;
				CLANG_WARN_NON_LITERAL_NULL_CONVERSION = YES;
				CLANG_WARN_OBJC_IMPLICIT_RETAIN_SELF = YES;
				CLANG_WARN_OBJC_LITERAL_CONVERSION = YES;
				CLANG_WARN_OBJC_ROOT_CLASS = YES_ERROR;
				CLANG_WARN_RANGE_LOOP_ANALYSIS = YES;
				CLANG_WARN_STRICT_PROTOTYPES = YES;
				CLANG_WARN_SUSPICIOUS_MOVE = YES;
				CLANG_WARN_UNGUARDED_AVAILABILITY = YES_AGGRESSIVE;
				CLANG_WARN_UNREACHABLE_CODE = YES;
				CLANG_WARN__DUPLICATE_METHOD_MATCH = YES;
				COPY_PHASE_STRIP = NO;
				DEBUG_INFORMATION_FORMAT = "dwarf-with-dsym";
				ENABLE_NS_ASSERTIONS = NO;
				ENABLE_STRICT_OBJC_MSGSEND = YES;
				GCC_C_LANGUAGE_STANDARD = gnu11;
				GCC_NO_COMMON_BLOCKS = YES;
				GCC_WARN_64_TO_32_BIT_CONVERSION = YES;
				GCC_WARN_ABOUT_RETURN_TYPE = YES_ERROR;
				GCC_WARN_UNDECLARED_SELECTOR = YES;
				GCC_WARN_UNINITIALIZED_AUTOS = YES_AGGRESSIVE;
				GCC_WARN_UNUSED_FUNCTION = YES;
				GCC_WARN_UNUSED_VARIABLE = YES;
				IPHONEOS_DEPLOYMENT_TARGET = 13.6;
				MTL_ENABLE_DEBUG_INFO = NO;
				MTL_FAST_MATH = YES;
				SDKROOT = iphoneos;
				SWIFT_COMPILATION_MODE = wholemodule;
				SWIFT_OPTIMIZATION_LEVEL = "-O";
				VALIDATE_PRODUCT = YES;
			};
			name = Release;
		};
		23637B3A24F4177F008ABF54 /* Debug */ = {
			isa = XCBuildConfiguration;
			buildSettings = {
				ASSETCATALOG_COMPILER_APPICON_NAME = AppIcon;
				CODE_SIGN_STYLE = Automatic;
				DEVELOPMENT_TEAM = S9J6B4A78J;
				INFOPLIST_FILE = AppStoreClone/Info.plist;
				LD_RUNPATH_SEARCH_PATHS = (
					"$(inherited)",
					"@executable_path/Frameworks",
				);
				PRODUCT_BUNDLE_IDENTIFIER = com.windy.AppStoreClone;
				PRODUCT_NAME = "$(TARGET_NAME)";
				SWIFT_VERSION = 5.0;
				TARGETED_DEVICE_FAMILY = "1,2";
			};
			name = Debug;
		};
		23637B3B24F4177F008ABF54 /* Release */ = {
			isa = XCBuildConfiguration;
			buildSettings = {
				ASSETCATALOG_COMPILER_APPICON_NAME = AppIcon;
				CODE_SIGN_STYLE = Automatic;
				DEVELOPMENT_TEAM = S9J6B4A78J;
				INFOPLIST_FILE = AppStoreClone/Info.plist;
				LD_RUNPATH_SEARCH_PATHS = (
					"$(inherited)",
					"@executable_path/Frameworks",
				);
				PRODUCT_BUNDLE_IDENTIFIER = com.windy.AppStoreClone;
				PRODUCT_NAME = "$(TARGET_NAME)";
				SWIFT_VERSION = 5.0;
				TARGETED_DEVICE_FAMILY = "1,2";
			};
			name = Release;
		};
/* End XCBuildConfiguration section */

/* Begin XCConfigurationList section */
		23637B2024F4177E008ABF54 /* Build configuration list for PBXProject "AppStoreClone" */ = {
			isa = XCConfigurationList;
			buildConfigurations = (
				23637B3724F4177F008ABF54 /* Debug */,
				23637B3824F4177F008ABF54 /* Release */,
			);
			defaultConfigurationIsVisible = 0;
			defaultConfigurationName = Release;
		};
		23637B3924F4177F008ABF54 /* Build configuration list for PBXNativeTarget "AppStoreClone" */ = {
			isa = XCConfigurationList;
			buildConfigurations = (
				23637B3A24F4177F008ABF54 /* Debug */,
				23637B3B24F4177F008ABF54 /* Release */,
			);
			defaultConfigurationIsVisible = 0;
			defaultConfigurationName = Release;
		};
/* End XCConfigurationList section */
	};
	rootObject = 23637B1D24F4177E008ABF54 /* Project object */;
}
